{
  "name": "ai-security-newsletter",
  "version": "1.0.0",
  "lockfileVersion": 3,
  "requires": true,
  "packages": {
    "": {
      "name": "ai-security-newsletter",
      "version": "1.0.0",
      "bin": {
        "aisechub-bot": "bin/aisechub-bot.mjs",
        "newsletter-judge": "bin/newsletter-judge.mjs"
      }
    }
  }
}
